
Microsoft Visual Studio Solution File, Format Version 12.00
# Visual Studio 14
VisualStudioVersion = 14.0.25420.1
MinimumVisualStudioVersion = 10.0.40219.1
Project("{FAE04EC0-301F-11D3-BF4B-00C04F79EFBC}") = "Microsoft.Alm.Authentication", "Microsoft.Alm.Authentication\Microsoft.Alm.Authentication.csproj", "{C1DAABC1-B493-459D-BB4F-04FBEFB1BA13}"
EndProject
Project("{2150E333-8FDC-42A3-9474-1A3956D46DE8}") = "Documents", "Documents", "{663DC05D-FDC6-4EAB-AC4B-983D486B92B9}"
	ProjectSection(SolutionItems) = preProject
		LICENSE.TXT = LICENSE.TXT
		README.md = README.md
	EndProjectSection
EndProject
Project("{FAE04EC0-301F-11D3-BF4B-00C04F79EFBC}") = "Microsoft.Alm.Git", "Microsoft.Alm.Git\Microsoft.Alm.Git.csproj", "{4827C16D-5C58-406D-AB3F-3700BB0D06FE}"
EndProject
Project("{D954291E-2A0B-460D-934E-DC6B0785DB48}") = "Cli-Shared", "Cli-Shared\Cli-Shared.shproj", "{DBD202C3-94D5-49D3-8ED1-C72637BA7D90}"
EndProject
Project("{FAE04EC0-301F-11D3-BF4B-00C04F79EFBC}") = "GitHub.Authentication", "GitHub.Authentication\GitHub.Authentication.csproj", "{CF306116-BBF0-4CC7-AFCE-A506AC4752CB}"
EndProject
Global
	GlobalSection(SharedMSBuildProjectFiles) = preSolution
		Cli-Shared\Cli-Shared.projitems*{dbd202c3-94d5-49d3-8ed1-c72637ba7d90}*SharedItemsImports = 13
	EndGlobalSection
	GlobalSection(SolutionConfigurationPlatforms) = preSolution
		Debug|Any CPU = Debug|Any CPU
		Release|Any CPU = Release|Any CPU
	EndGlobalSection
	GlobalSection(ProjectConfigurationPlatforms) = postSolution
		{C1DAABC1-B493-459D-BB4F-04FBEFB1BA13}.Debug|Any CPU.ActiveCfg = Debug|Any CPU
		{C1DAABC1-B493-459D-BB4F-04FBEFB1BA13}.Debug|Any CPU.Build.0 = Debug|Any CPU
		{C1DAABC1-B493-459D-BB4F-04FBEFB1BA13}.Release|Any CPU.ActiveCfg = Release|Any CPU
		{C1DAABC1-B493-459D-BB4F-04FBEFB1BA13}.Release|Any CPU.Build.0 = Release|Any CPU
		{4827C16D-5C58-406D-AB3F-3700BB0D06FE}.Debug|Any CPU.ActiveCfg = Debug|Any CPU
		{4827C16D-5C58-406D-AB3F-3700BB0D06FE}.Debug|Any CPU.Build.0 = Debug|Any CPU
		{4827C16D-5C58-406D-AB3F-3700BB0D06FE}.Release|Any CPU.ActiveCfg = Release|Any CPU
		{4827C16D-5C58-406D-AB3F-3700BB0D06FE}.Release|Any CPU.Build.0 = Release|Any CPU
		{CF306116-BBF0-4CC7-AFCE-A506AC4752CB}.Debug|Any CPU.ActiveCfg = Debug|Any CPU
		{CF306116-BBF0-4CC7-AFCE-A506AC4752CB}.Debug|Any CPU.Build.0 = Debug|Any CPU
		{CF306116-BBF0-4CC7-AFCE-A506AC4752CB}.Release|Any CPU.ActiveCfg = Release|Any CPU
		{CF306116-BBF0-4CC7-AFCE-A506AC4752CB}.Release|Any CPU.Build.0 = Release|Any CPU
	EndGlobalSection
	GlobalSection(SolutionProperties) = preSolution
		HideSolutionNode = FALSE
	EndGlobalSection
EndGlobal
